
Microsoft Visual Studio Solution File, Format Version 12.00
# Visual Studio 15
VisualStudioVersion = 15.0.27004.2005
MinimumVisualStudioVersion = 10.0.40219.1
Project("{2150E333-8FDC-42A3-9474-1A3956D46DE8}") = "_Readme", "_Readme", "{67F69125-A86C-4CA4-9B34-33577BACB799}"
	ProjectSection(SolutionItems) = preProject
		ReadMe.txt = ReadMe.txt
	EndProjectSection
EndProject
Project("{FAE04EC0-301F-11D3-BF4B-00C04F79EFBC}") = "UsporedbeRealnihBrojeva", "Usporedba Realnih Brojeva\UsporedbeRealnihBrojeva.csproj", "{0FCC0640-DCE2-4AB0-B960-4FB788764028}"
EndProject
Project("{FAE04EC0-301F-11D3-BF4B-00C04F79EFBC}") = "ForVsWhile", "forVsWhile\ForVsWhile.csproj", "{6EAC6742-3BA1-40CE-B742-639A596526EC}"
EndProject
Project("{FAE04EC0-301F-11D3-BF4B-00C04F79EFBC}") = "Foreach", "foreach\Foreach.csproj", "{6F492C77-6F5A-42A9-8A70-6EA50E990B36}"
EndProject
Project("{FAE04EC0-301F-11D3-BF4B-00C04F79EFBC}") = "DosegImena", "DosegImena\DosegImena.csproj", "{4895F638-4074-47ED-98B3-A7BBCB519B77}"
EndProject
Project("{FAE04EC0-301F-11D3-BF4B-00C04F79EFBC}") = "GrananjeIf", "GrananjeIf\GrananjeIf.csproj", "{630FD746-19A6-4F82-9A9D-84A53B0B4185}"
EndProject
Project("{FAE04EC0-301F-11D3-BF4B-00C04F79EFBC}") = "GrananjeSwitch", "GrananjeSwitch\GrananjeSwitch.csproj", "{64DFB018-3634-4A83-8410-FA0109DB5935}"
EndProject
Project("{FAE04EC0-301F-11D3-BF4B-00C04F79EFBC}") = "NaredbeBreakContinue", "NaredbeBreakContinue\NaredbeBreakContinue.csproj", "{952B5DD4-2ADF-488D-BB60-4175E47C38D8}"
EndProject
Project("{FAE04EC0-301F-11D3-BF4B-00C04F79EFBC}") = "PetljeWhileDoWhile", "PetljeWhileDoWhile\PetljeWhileDoWhile.csproj", "{2F144B24-EDEE-4254-B090-02BD834EAF81}"
EndProject
Project("{2150E333-8FDC-42A3-9474-1A3956D46DE8}") = "01", "01", "{579A6D70-1499-495B-9156-3967D425BE39}"
EndProject
Project("{2150E333-8FDC-42A3-9474-1A3956D46DE8}") = "02", "02", "{DF482453-B7F8-4367-BE22-CDB116367C4B}"
EndProject
Project("{2150E333-8FDC-42A3-9474-1A3956D46DE8}") = "03", "03", "{7840299A-02BA-4C71-A4BB-ACC63E907AB6}"
EndProject
Project("{2150E333-8FDC-42A3-9474-1A3956D46DE8}") = "04", "04", "{97BFAA17-0338-4EE7-A3C3-091C455F8C7E}"
EndProject
Project("{2150E333-8FDC-42A3-9474-1A3956D46DE8}") = "07", "07", "{EFF5D3E5-3CD6-4DAC-8062-FCAE0F545F56}"
EndProject
Project("{2150E333-8FDC-42A3-9474-1A3956D46DE8}") = "08", "08", "{779DE8B7-B229-46DE-BF16-FD756E5ECC29}"
EndProject
Project("{2150E333-8FDC-42A3-9474-1A3956D46DE8}") = "09", "09", "{AB88817A-98E9-4878-9EC9-2852CA25CF28}"
EndProject
Project("{FAE04EC0-301F-11D3-BF4B-00C04F79EFBC}") = "Testovi", "Testovi\Testovi.csproj", "{BFED0044-861F-45B3-A74B-FDB832D51014}"
EndProject
Project("{2150E333-8FDC-42A3-9474-1A3956D46DE8}") = "10", "10", "{F71BE024-4797-40EE-B7D5-D7A774D28DC4}"
EndProject
Project("{2150E333-8FDC-42A3-9474-1A3956D46DE8}") = "11", "11", "{C6D2831C-2153-47ED-9B93-33402DA40840}"
EndProject
Project("{2150E333-8FDC-42A3-9474-1A3956D46DE8}") = "12", "12", "{6EAF3CD8-0BE6-48AB-A838-BCCF7F5496AA}"
EndProject
Project("{FAE04EC0-301F-11D3-BF4B-00C04F79EFBC}") = "UvjetnoPridruživanje", "UvjetnoPridruzivanje\UvjetnoPridruživanje.csproj", "{68561CB3-24A6-4C53-9D2A-3909A28FFBF1}"
EndProject
Project("{FAE04EC0-301F-11D3-BF4B-00C04F79EFBC}") = "MetodeProširenja", "MetodeProsirenja\MetodeProširenja.csproj", "{AC9A5A1B-07A6-4214-A1D3-6AEF29D8C53E}"
EndProject
Project("{2150E333-8FDC-42A3-9474-1A3956D46DE8}") = "05", "05", "{D92FD2F1-C2A2-46AA-9141-A37AF2A84AD9}"
EndProject
Project("{2150E333-8FDC-42A3-9474-1A3956D46DE8}") = "06", "06", "{F8F170BF-1C49-4569-8DE8-04676662AE81}"
EndProject
Project("{FAE04EC0-301F-11D3-BF4B-00C04F79EFBC}") = "NulUvjetniOperator", "NulUvjetniOperator\NulUvjetniOperator.csproj", "{F4CA502B-B264-44AB-9CC8-DB76F6D17BAC}"
EndProject
Project("{FAE04EC0-301F-11D3-BF4B-00C04F79EFBC}") = "NullStapajućiOperator", "NulStapajuciOperator\NullStapajućiOperator.csproj", "{9960C839-B950-4460-BCDE-532126DADD33}"
EndProject
Project("{2150E333-8FDC-42A3-9474-1A3956D46DE8}") = "13", "13", "{52C7E1AD-BEE9-4234-AB1E-FF8B6E5C160A}"
EndProject
Project("{FAE04EC0-301F-11D3-BF4B-00C04F79EFBC}") = "Yield", "Yield\Yield.csproj", "{1F3D2610-C66D-49DA-BBD6-431427180593}"
EndProject
Project("{2150E333-8FDC-42A3-9474-1A3956D46DE8}") = "14", "14", "{F9A2B947-4A9B-4014-8310-3A4561AF2F98}"
EndProject
Project("{FAE04EC0-301F-11D3-BF4B-00C04F79EFBC}") = "NeograničeniNizYield", "NeograniceniNizYield\NeograničeniNizYield.csproj", "{EE64A76B-66C0-4DC4-B7BA-7CA8D8A9288A}"
EndProject
Global
	GlobalSection(SolutionConfigurationPlatforms) = preSolution
		Debug|Any CPU = Debug|Any CPU
		Release|Any CPU = Release|Any CPU
	EndGlobalSection
	GlobalSection(ProjectConfigurationPlatforms) = postSolution
		{0FCC0640-DCE2-4AB0-B960-4FB788764028}.Debug|Any CPU.ActiveCfg = Debug|Any CPU
		{0FCC0640-DCE2-4AB0-B960-4FB788764028}.Debug|Any CPU.Build.0 = Debug|Any CPU
		{0FCC0640-DCE2-4AB0-B960-4FB788764028}.Release|Any CPU.ActiveCfg = Release|Any CPU
		{0FCC0640-DCE2-4AB0-B960-4FB788764028}.Release|Any CPU.Build.0 = Release|Any CPU
		{6EAC6742-3BA1-40CE-B742-639A596526EC}.Debug|Any CPU.ActiveCfg = Debug|Any CPU
		{6EAC6742-3BA1-40CE-B742-639A596526EC}.Debug|Any CPU.Build.0 = Debug|Any CPU
		{6EAC6742-3BA1-40CE-B742-639A596526EC}.Release|Any CPU.ActiveCfg = Release|Any CPU
		{6EAC6742-3BA1-40CE-B742-639A596526EC}.Release|Any CPU.Build.0 = Release|Any CPU
		{6F492C77-6F5A-42A9-8A70-6EA50E990B36}.Debug|Any CPU.ActiveCfg = Debug|Any CPU
		{6F492C77-6F5A-42A9-8A70-6EA50E990B36}.Debug|Any CPU.Build.0 = Debug|Any CPU
		{6F492C77-6F5A-42A9-8A70-6EA50E990B36}.Release|Any CPU.ActiveCfg = Release|Any CPU
		{6F492C77-6F5A-42A9-8A70-6EA50E990B36}.Release|Any CPU.Build.0 = Release|Any CPU
		{4895F638-4074-47ED-98B3-A7BBCB519B77}.Debug|Any CPU.ActiveCfg = Debug|Any CPU
		{4895F638-4074-47ED-98B3-A7BBCB519B77}.Debug|Any CPU.Build.0 = Debug|Any CPU
		{4895F638-4074-47ED-98B3-A7BBCB519B77}.Release|Any CPU.ActiveCfg = Release|Any CPU
		{4895F638-4074-47ED-98B3-A7BBCB519B77}.Release|Any CPU.Build.0 = Release|Any CPU
		{630FD746-19A6-4F82-9A9D-84A53B0B4185}.Debug|Any CPU.ActiveCfg = Debug|Any CPU
		{630FD746-19A6-4F82-9A9D-84A53B0B4185}.Debug|Any CPU.Build.0 = Debug|Any CPU
		{630FD746-19A6-4F82-9A9D-84A53B0B4185}.Release|Any CPU.ActiveCfg = Release|Any CPU
		{630FD746-19A6-4F82-9A9D-84A53B0B4185}.Release|Any CPU.Build.0 = Release|Any CPU
		{64DFB018-3634-4A83-8410-FA0109DB5935}.Debug|Any CPU.ActiveCfg = Debug|Any CPU
		{64DFB018-3634-4A83-8410-FA0109DB5935}.Debug|Any CPU.Build.0 = Debug|Any CPU
		{64DFB018-3634-4A83-8410-FA0109DB5935}.Release|Any CPU.ActiveCfg = Release|Any CPU
		{64DFB018-3634-4A83-8410-FA0109DB5935}.Release|Any CPU.Build.0 = Release|Any CPU
		{952B5DD4-2ADF-488D-BB60-4175E47C38D8}.Debug|Any CPU.ActiveCfg = Debug|Any CPU
		{952B5DD4-2ADF-488D-BB60-4175E47C38D8}.Debug|Any CPU.Build.0 = Debug|Any CPU
		{952B5DD4-2ADF-488D-BB60-4175E47C38D8}.Release|Any CPU.ActiveCfg = Release|Any CPU
		{952B5DD4-2ADF-488D-BB60-4175E47C38D8}.Release|Any CPU.Build.0 = Release|Any CPU
		{2F144B24-EDEE-4254-B090-02BD834EAF81}.Debug|Any CPU.ActiveCfg = Debug|Any CPU
		{2F144B24-EDEE-4254-B090-02BD834EAF81}.Debug|Any CPU.Build.0 = Debug|Any CPU
		{2F144B24-EDEE-4254-B090-02BD834EAF81}.Release|Any CPU.ActiveCfg = Release|Any CPU
		{2F144B24-EDEE-4254-B090-02BD834EAF81}.Release|Any CPU.Build.0 = Release|Any CPU
		{BFED0044-861F-45B3-A74B-FDB832D51014}.Debug|Any CPU.ActiveCfg = Debug|Any CPU
		{BFED0044-861F-45B3-A74B-FDB832D51014}.Debug|Any CPU.Build.0 = Debug|Any CPU
		{BFED0044-861F-45B3-A74B-FDB832D51014}.Release|Any CPU.ActiveCfg = Release|Any CPU
		{BFED0044-861F-45B3-A74B-FDB832D51014}.Release|Any CPU.Build.0 = Release|Any CPU
		{68561CB3-24A6-4C53-9D2A-3909A28FFBF1}.Debug|Any CPU.ActiveCfg = Debug|Any CPU
		{68561CB3-24A6-4C53-9D2A-3909A28FFBF1}.Debug|Any CPU.Build.0 = Debug|Any CPU
		{68561CB3-24A6-4C53-9D2A-3909A28FFBF1}.Release|Any CPU.ActiveCfg = Release|Any CPU
		{68561CB3-24A6-4C53-9D2A-3909A28FFBF1}.Release|Any CPU.Build.0 = Release|Any CPU
		{AC9A5A1B-07A6-4214-A1D3-6AEF29D8C53E}.Debug|Any CPU.ActiveCfg = Debug|Any CPU
		{AC9A5A1B-07A6-4214-A1D3-6AEF29D8C53E}.Debug|Any CPU.Build.0 = Debug|Any CPU
		{AC9A5A1B-07A6-4214-A1D3-6AEF29D8C53E}.Release|Any CPU.ActiveCfg = Release|Any CPU
		{AC9A5A1B-07A6-4214-A1D3-6AEF29D8C53E}.Release|Any CPU.Build.0 = Release|Any CPU
		{F4CA502B-B264-44AB-9CC8-DB76F6D17BAC}.Debug|Any CPU.ActiveCfg = Debug|Any CPU
		{F4CA502B-B264-44AB-9CC8-DB76F6D17BAC}.Debug|Any CPU.Build.0 = Debug|Any CPU
		{F4CA502B-B264-44AB-9CC8-DB76F6D17BAC}.Release|Any CPU.ActiveCfg = Release|Any CPU
		{F4CA502B-B264-44AB-9CC8-DB76F6D17BAC}.Release|Any CPU.Build.0 = Release|Any CPU
		{9960C839-B950-4460-BCDE-532126DADD33}.Debug|Any CPU.ActiveCfg = Debug|Any CPU
		{9960C839-B950-4460-BCDE-532126DADD33}.Debug|Any CPU.Build.0 = Debug|Any CPU
		{9960C839-B950-4460-BCDE-532126DADD33}.Release|Any CPU.ActiveCfg = Release|Any CPU
		{9960C839-B950-4460-BCDE-532126DADD33}.Release|Any CPU.Build.0 = Release|Any CPU
		{1F3D2610-C66D-49DA-BBD6-431427180593}.Debug|Any CPU.ActiveCfg = Debug|Any CPU
		{1F3D2610-C66D-49DA-BBD6-431427180593}.Debug|Any CPU.Build.0 = Debug|Any CPU
		{1F3D2610-C66D-49DA-BBD6-431427180593}.Release|Any CPU.ActiveCfg = Release|Any CPU
		{1F3D2610-C66D-49DA-BBD6-431427180593}.Release|Any CPU.Build.0 = Release|Any CPU
		{EE64A76B-66C0-4DC4-B7BA-7CA8D8A9288A}.Debug|Any CPU.ActiveCfg = Debug|Any CPU
		{EE64A76B-66C0-4DC4-B7BA-7CA8D8A9288A}.Debug|Any CPU.Build.0 = Debug|Any CPU
		{EE64A76B-66C0-4DC4-B7BA-7CA8D8A9288A}.Release|Any CPU.ActiveCfg = Release|Any CPU
		{EE64A76B-66C0-4DC4-B7BA-7CA8D8A9288A}.Release|Any CPU.Build.0 = Release|Any CPU
	EndGlobalSection
	GlobalSection(SolutionProperties) = preSolution
		HideSolutionNode = FALSE
	EndGlobalSection
	GlobalSection(NestedProjects) = preSolution
		{0FCC0640-DCE2-4AB0-B960-4FB788764028} = {7840299A-02BA-4C71-A4BB-ACC63E907AB6}
		{6EAC6742-3BA1-40CE-B742-639A596526EC} = {779DE8B7-B229-46DE-BF16-FD756E5ECC29}
		{6F492C77-6F5A-42A9-8A70-6EA50E990B36} = {C6D2831C-2153-47ED-9B93-33402DA40840}
		{4895F638-4074-47ED-98B3-A7BBCB519B77} = {579A6D70-1499-495B-9156-3967D425BE39}
		{630FD746-19A6-4F82-9A9D-84A53B0B4185} = {DF482453-B7F8-4367-BE22-CDB116367C4B}
		{64DFB018-3634-4A83-8410-FA0109DB5935} = {EFF5D3E5-3CD6-4DAC-8062-FCAE0F545F56}
		{952B5DD4-2ADF-488D-BB60-4175E47C38D8} = {F71BE024-4797-40EE-B7D5-D7A774D28DC4}
		{2F144B24-EDEE-4254-B090-02BD834EAF81} = {AB88817A-98E9-4878-9EC9-2852CA25CF28}
		{68561CB3-24A6-4C53-9D2A-3909A28FFBF1} = {97BFAA17-0338-4EE7-A3C3-091C455F8C7E}
		{AC9A5A1B-07A6-4214-A1D3-6AEF29D8C53E} = {6EAF3CD8-0BE6-48AB-A838-BCCF7F5496AA}
		{F4CA502B-B264-44AB-9CC8-DB76F6D17BAC} = {F8F170BF-1C49-4569-8DE8-04676662AE81}
		{9960C839-B950-4460-BCDE-532126DADD33} = {D92FD2F1-C2A2-46AA-9141-A37AF2A84AD9}
		{1F3D2610-C66D-49DA-BBD6-431427180593} = {52C7E1AD-BEE9-4234-AB1E-FF8B6E5C160A}
		{EE64A76B-66C0-4DC4-B7BA-7CA8D8A9288A} = {F9A2B947-4A9B-4014-8310-3A4561AF2F98}
	EndGlobalSection
	GlobalSection(ExtensibilityGlobals) = postSolution
		SolutionGuid = {CC68F8E8-6574-4E78-97F6-0CA18F08C665}
	EndGlobalSection
EndGlobal
